
Microsoft Visual Studio Solution File, Format Version 12.00
# Visual Studio Version 17
VisualStudioVersion = 17.14.36429.23 d17.14
MinimumVisualStudioVersion = 10.0.40219.1
Project("{FAE04EC0-301F-11D3-BF4B-00C04F79EFBC}") = "Core", "Core\Core.csproj", "{5ABF9F0E-D8A9-4AD6-8E3F-D97D00866459}"
EndProject
Project("{FAE04EC0-301F-11D3-BF4B-00C04F79EFBC}") = "UI", "UI\UI.csproj", "{69B8F097-D7AC-4769-A8B3-FCFCD9EA04DD}"
EndProject
Project("{FAE04EC0-301F-11D3-BF4B-00C04F79EFBC}") = "Tests", "Tests\Tests.csproj", "{E681AD1D-FC98-4B10-BAA1-DD37D749C58E}"
EndProject
Global
	GlobalSection(SolutionConfigurationPlatforms) = preSolution
		Debug|Any CPU = Debug|Any CPU
		Release|Any CPU = Release|Any CPU
	EndGlobalSection
	GlobalSection(ProjectConfigurationPlatforms) = postSolution
		{5ABF9F0E-D8A9-4AD6-8E3F-D97D00866459}.Debug|Any CPU.ActiveCfg = Debug|Any CPU
		{5ABF9F0E-D8A9-4AD6-8E3F-D97D00866459}.Debug|Any CPU.Build.0 = Debug|Any CPU
		{5ABF9F0E-D8A9-4AD6-8E3F-D97D00866459}.Release|Any CPU.ActiveCfg = Release|Any CPU
		{5ABF9F0E-D8A9-4AD6-8E3F-D97D00866459}.Release|Any CPU.Build.0 = Release|Any CPU
		{69B8F097-D7AC-4769-A8B3-FCFCD9EA04DD}.Debug|Any CPU.ActiveCfg = Debug|Any CPU
		{69B8F097-D7AC-4769-A8B3-FCFCD9EA04DD}.Debug|Any CPU.Build.0 = Debug|Any CPU
		{69B8F097-D7AC-4769-A8B3-FCFCD9EA04DD}.Release|Any CPU.ActiveCfg = Release|Any CPU
		{69B8F097-D7AC-4769-A8B3-FCFCD9EA04DD}.Release|Any CPU.Build.0 = Release|Any CPU
		{E681AD1D-FC98-4B10-BAA1-DD37D749C58E}.Debug|Any CPU.ActiveCfg = Debug|Any CPU
		{E681AD1D-FC98-4B10-BAA1-DD37D749C58E}.Debug|Any CPU.Build.0 = Debug|Any CPU
		{E681AD1D-FC98-4B10-BAA1-DD37D749C58E}.Release|Any CPU.ActiveCfg = Release|Any CPU
		{E681AD1D-FC98-4B10-BAA1-DD37D749C58E}.Release|Any CPU.Build.0 = Release|Any CPU
	EndGlobalSection
	GlobalSection(SolutionProperties) = preSolution
		HideSolutionNode = FALSE
	EndGlobalSection
	GlobalSection(ExtensibilityGlobals) = postSolution
		SolutionGuid = {5E515288-FB93-4A00-BD9A-F0C266B90EF7}
	EndGlobalSection
EndGlobal
